// !$*UTF8*$!
{
	archiveVersion = 1;
	classes = {
	};
	objectVersion = 56;
	objects = {

/* Begin PBXBuildFile section */
		6D19FF392CA533B50032F8EB /* Person.m in Sources */ = {isa = PBXBuildFile; fileRef = 6D19FF382CA533B50032F8EB /* Person.m */; };
		6D19FF3C2CA538700032F8EB /* NSString+WordCount.m in Sources */ = {isa = PBXBuildFile; fileRef = 6D19FF3B2CA538700032F8EB /* NSString+WordCount.m */; };
		6D87930C2CA2AD8E00AC2D51 /* AppDelegate.m in Sources */ = {isa = PBXBuildFile; fileRef = 6D87930B2CA2AD8E00AC2D51 /* AppDelegate.m */; };
		6D87930F2CA2AD8E00AC2D51 /* SceneDelegate.m in Sources */ = {isa = PBXBuildFile; fileRef = 6D87930E2CA2AD8E00AC2D51 /* SceneDelegate.m */; };
		6D8793122CA2AD8E00AC2D51 /* ViewController.m in Sources */ = {isa = PBXBuildFile; fileRef = 6D8793112CA2AD8E00AC2D51 /* ViewController.m */; };
		6D8793152CA2AD8F00AC2D51 /* Base in Resources */ = {isa = PBXBuildFile; fileRef = 6D8793142CA2AD8F00AC2D51 /* Base */; };
		6D8793182CA2AD8F00AC2D51 /* Objective_C_Tut.xcdatamodeld in Sources */ = {isa = PBXBuildFile; fileRef = 6D8793162CA2AD8F00AC2D51 /* Objective_C_Tut.xcdatamodeld */; };
		6D87931A2CA2AD9200AC2D51 /* Assets.xcassets in Resources */ = {isa = PBXBuildFile; fileRef = 6D8793192CA2AD9200AC2D51 /* Assets.xcassets */; };
		6D87931D2CA2AD9200AC2D51 /* Base in Resources */ = {isa = PBXBuildFile; fileRef = 6D87931C2CA2AD9200AC2D51 /* Base */; };
		6D8793202CA2AD9200AC2D51 /* main.m in Sources */ = {isa = PBXBuildFile; fileRef = 6D87931F2CA2AD9200AC2D51 /* main.m */; };
		6D8793302CA2B13400AC2D51 /* Teacher.m in Sources */ = {isa = PBXBuildFile; fileRef = 6D87932F2CA2B13400AC2D51 /* Teacher.m */; };
		6D8793332CA2B14100AC2D51 /* Student.m in Sources */ = {isa = PBXBuildFile; fileRef = 6D8793322CA2B14100AC2D51 /* Student.m */; };
/* End PBXBuildFile section */

/* Begin PBXFileReference section */
		6D19FF372CA533B50032F8EB /* Person.h */ = {isa = PBXFileReference; lastKnownFileType = sourcecode.c.h; path = Person.h; sourceTree = "<group>"; };
		6D19FF382CA533B50032F8EB /* Person.m */ = {isa = PBXFileReference; lastKnownFileType = sourcecode.c.objc; path = Person.m; sourceTree = "<group>"; };
		6D19FF3A2CA538700032F8EB /* NSString+WordCount.h */ = {isa = PBXFileReference; lastKnownFileType = sourcecode.c.h; path = "NSString+WordCount.h"; sourceTree = "<group>"; };
		6D19FF3B2CA538700032F8EB /* NSString+WordCount.m */ = {isa = PBXFileReference; lastKnownFileType = sourcecode.c.objc; path = "NSString+WordCount.m"; sourceTree = "<group>"; };
		6D8793072CA2AD8E00AC2D51 /* Objective-C_Tut.app */ = {isa = PBXFileReference; explicitFileType = wrapper.application; includeInIndex = 0; path = "Objective-C_Tut.app"; sourceTree = BUILT_PRODUCTS_DIR; };
		6D87930A2CA2AD8E00AC2D51 /* AppDelegate.h */ = {isa = PBXFileReference; lastKnownFileType = sourcecode.c.h; path = AppDelegate.h; sourceTree = "<group>"; };
		6D87930B2CA2AD8E00AC2D51 /* AppDelegate.m */ = {isa = PBXFileReference; lastKnownFileType = sourcecode.c.objc; path = AppDelegate.m; sourceTree = "<group>"; };
		6D87930D2CA2AD8E00AC2D51 /* SceneDelegate.h */ = {isa = PBXFileReference; lastKnownFileType = sourcecode.c.h; path = SceneDelegate.h; sourceTree = "<group>"; };
		6D87930E2CA2AD8E00AC2D51 /* SceneDelegate.m */ = {isa = PBXFileReference; lastKnownFileType = sourcecode.c.objc; path = SceneDelegate.m; sourceTree = "<group>"; };
		6D8793102CA2AD8E00AC2D51 /* ViewController.h */ = {isa = PBXFileReference; lastKnownFileType = sourcecode.c.h; path = ViewController.h; sourceTree = "<group>"; };
		6D8793112CA2AD8E00AC2D51 /* ViewController.m */ = {isa = PBXFileReference; lastKnownFileType = sourcecode.c.objc; path = ViewController.m; sourceTree = "<group>"; };
		6D8793142CA2AD8F00AC2D51 /* Base */ = {isa = PBXFileReference; lastKnownFileType = file.storyboard; name = Base; path = Base.lproj/Main.storyboard; sourceTree = "<group>"; };
		6D8793172CA2AD8F00AC2D51 /* Objective_C_Tut.xcdatamodel */ = {isa = PBXFileReference; lastKnownFileType = wrapper.xcdatamodel; path = Objective_C_Tut.xcdatamodel; sourceTree = "<group>"; };
		6D8793192CA2AD9200AC2D51 /* Assets.xcassets */ = {isa = PBXFileReference; lastKnownFileType = folder.assetcatalog; path = Assets.xcassets; sourceTree = "<group>"; };
		6D87931C2CA2AD9200AC2D51 /* Base */ = {isa = PBXFileReference; lastKnownFileType = file.storyboard; name = Base; path = Base.lproj/LaunchScreen.storyboard; sourceTree = "<group>"; };
		6D87931E2CA2AD9200AC2D51 /* Info.plist */ = {isa = PBXFileReference; lastKnownFileType = text.plist.xml; path = Info.plist; sourceTree = "<group>"; };
		6D87931F2CA2AD9200AC2D51 /* main.m */ = {isa = PBXFileReference; lastKnownFileType = sourcecode.c.objc; path = main.m; sourceTree = "<group>"; };
		6D87932E2CA2B13400AC2D51 /* Teacher.h */ = {isa = PBXFileReference; lastKnownFileType = sourcecode.c.h; path = Teacher.h; sourceTree = "<group>"; };
		6D87932F2CA2B13400AC2D51 /* Teacher.m */ = {isa = PBXFileReference; lastKnownFileType = sourcecode.c.objc; path = Teacher.m; sourceTree = "<group>"; };
		6D8793312CA2B14100AC2D51 /* Student.h */ = {isa = PBXFileReference; lastKnownFileType = sourcecode.c.h; path = Student.h; sourceTree = "<group>"; };
		6D8793322CA2B14100AC2D51 /* Student.m */ = {isa = PBXFileReference; lastKnownFileType = sourcecode.c.objc; path = Student.m; sourceTree = "<group>"; };
/* End PBXFileReference section */

/* Begin PBXFrameworksBuildPhase section */
		6D8793042CA2AD8E00AC2D51 /* Frameworks */ = {
			isa = PBXFrameworksBuildPhase;
			buildActionMask = 2147483647;
			files = (
			);
			runOnlyForDeploymentPostprocessing = 0;
		};
/* End PBXFrameworksBuildPhase section */

/* Begin PBXGroup section */
		6D19FF342CA5257F0032F8EB /* MemoryManagement_Obj-C */ = {
			isa = PBXGroup;
			children = (
			);
			path = "MemoryManagement_Obj-C";
			sourceTree = "<group>";
		};
		6D8792FE2CA2AD8E00AC2D51 = {
			isa = PBXGroup;
			children = (
				6D8793092CA2AD8E00AC2D51 /* Objective-C_Tut */,
				6D8793082CA2AD8E00AC2D51 /* Products */,
			);
			sourceTree = "<group>";
		};
		6D8793082CA2AD8E00AC2D51 /* Products */ = {
			isa = PBXGroup;
			children = (
				6D8793072CA2AD8E00AC2D51 /* Objective-C_Tut.app */,
			);
			name = Products;
			sourceTree = "<group>";
		};
		6D8793092CA2AD8E00AC2D51 /* Objective-C_Tut */ = {
			isa = PBXGroup;
			children = (
				6D8793342CA3D9D200AC2D51 /* Protocol_Delegate */,
				6D19FF342CA5257F0032F8EB /* MemoryManagement_Obj-C */,
				6D87930A2CA2AD8E00AC2D51 /* AppDelegate.h */,
				6D87930B2CA2AD8E00AC2D51 /* AppDelegate.m */,
				6D87930D2CA2AD8E00AC2D51 /* SceneDelegate.h */,
				6D87930E2CA2AD8E00AC2D51 /* SceneDelegate.m */,
				6D8793102CA2AD8E00AC2D51 /* ViewController.h */,
				6D8793112CA2AD8E00AC2D51 /* ViewController.m */,
				6D8793132CA2AD8F00AC2D51 /* Main.storyboard */,
				6D8793192CA2AD9200AC2D51 /* Assets.xcassets */,
				6D87931B2CA2AD9200AC2D51 /* LaunchScreen.storyboard */,
				6D87931E2CA2AD9200AC2D51 /* Info.plist */,
				6D87931F2CA2AD9200AC2D51 /* main.m */,
				6D8793162CA2AD8F00AC2D51 /* Objective_C_Tut.xcdatamodeld */,
				6D19FF372CA533B50032F8EB /* Person.h */,
				6D19FF382CA533B50032F8EB /* Person.m */,
				6D19FF3A2CA538700032F8EB /* NSString+WordCount.h */,
				6D19FF3B2CA538700032F8EB /* NSString+WordCount.m */,
			);
			path = "Objective-C_Tut";
			sourceTree = "<group>";
		};
		6D8793342CA3D9D200AC2D51 /* Protocol_Delegate */ = {
			isa = PBXGroup;
			children = (
				6D87932E2CA2B13400AC2D51 /* Teacher.h */,
				6D87932F2CA2B13400AC2D51 /* Teacher.m */,
				6D8793312CA2B14100AC2D51 /* Student.h */,
				6D8793322CA2B14100AC2D51 /* Student.m */,
			);
			path = Protocol_Delegate;
			sourceTree = "<group>";
		};
/* End PBXGroup section */

/* Begin PBXNativeTarget section */
		6D8793062CA2AD8E00AC2D51 /* Objective-C_Tut */ = {
			isa = PBXNativeTarget;
			buildConfigurationList = 6D8793232CA2AD9200AC2D51 /* Build configuration list for PBXNativeTarget "Objective-C_Tut" */;
			buildPhases = (
				6D8793032CA2AD8E00AC2D51 /* Sources */,
				6D8793042CA2AD8E00AC2D51 /* Frameworks */,
				6D8793052CA2AD8E00AC2D51 /* Resources */,
			);
			buildRules = (
			);
			dependencies = (
			);
			name = "Objective-C_Tut";
			productName = "Objective-C_Tut";
			productReference = 6D8793072CA2AD8E00AC2D51 /* Objective-C_Tut.app */;
			productType = "com.apple.product-type.application";
		};
/* End PBXNativeTarget section */

/* Begin PBXProject section */
		6D8792FF2CA2AD8E00AC2D51 /* Project object */ = {
			isa = PBXProject;
			attributes = {
				BuildIndependentTargetsInParallel = 1;
				LastUpgradeCheck = 1540;
				TargetAttributes = {
					6D8793062CA2AD8E00AC2D51 = {
						CreatedOnToolsVersion = 15.4;
						LastSwiftMigration = 1600;
					};
				};
			};
			buildConfigurationList = 6D8793022CA2AD8E00AC2D51 /* Build configuration list for PBXProject "Objective-C_Tut" */;
			compatibilityVersion = "Xcode 14.0";
			developmentRegion = en;
			hasScannedForEncodings = 0;
			knownRegions = (
				en,
				Base,
			);
			mainGroup = 6D8792FE2CA2AD8E00AC2D51;
			productRefGroup = 6D8793082CA2AD8E00AC2D51 /* Products */;
			projectDirPath = "";
			projectRoot = "";
			targets = (
				6D8793062CA2AD8E00AC2D51 /* Objective-C_Tut */,
			);
		};
/* End PBXProject section */

/* Begin PBXResourcesBuildPhase section */
		6D8793052CA2AD8E00AC2D51 /* Resources */ = {
			isa = PBXResourcesBuildPhase;
			buildActionMask = 2147483647;
			files = (
				6D87931A2CA2AD9200AC2D51 /* Assets.xcassets in Resources */,
				6D87931D2CA2AD9200AC2D51 /* Base in Resources */,
				6D8793152CA2AD8F00AC2D51 /* Base in Resources */,
			);
			runOnlyForDeploymentPostprocessing = 0;
		};
/* End PBXResourcesBuildPhase section */

/* Begin PBXSourcesBuildPhase section */
		6D8793032CA2AD8E00AC2D51 /* Sources */ = {
			isa = PBXSourcesBuildPhase;
			buildActionMask = 2147483647;
			files = (
				6D8793302CA2B13400AC2D51 /* Teacher.m in Sources */,
				6D8793202CA2AD9200AC2D51 /* main.m in Sources */,
				6D19FF392CA533B50032F8EB /* Person.m in Sources */,
				6D19FF3C2CA538700032F8EB /* NSString+WordCount.m in Sources */,
				6D8793122CA2AD8E00AC2D51 /* ViewController.m in Sources */,
				6D8793182CA2AD8F00AC2D51 /* Objective_C_Tut.xcdatamodeld in Sources */,
				6D8793332CA2B14100AC2D51 /* Student.m in Sources */,
				6D87930C2CA2AD8E00AC2D51 /* AppDelegate.m in Sources */,
				6D87930F2CA2AD8E00AC2D51 /* SceneDelegate.m in Sources */,
			);
			runOnlyForDeploymentPostprocessing = 0;
		};
/* End PBXSourcesBuildPhase section */

/* Begin PBXVariantGroup section */
		6D8793132CA2AD8F00AC2D51 /* Main.storyboard */ = {
			isa = PBXVariantGroup;
			children = (
				6D8793142CA2AD8F00AC2D51 /* Base */,
			);
			name = Main.storyboard;
			sourceTree = "<group>";
		};
		6D87931B2CA2AD9200AC2D51 /* LaunchScreen.storyboard */ = {
			isa = PBXVariantGroup;
			children = (
				6D87931C2CA2AD9200AC2D51 /* Base */,
			);
			name = LaunchScreen.storyboard;
			sourceTree = "<group>";
		};
/* End PBXVariantGroup section */

/* Begin XCBuildConfiguration section */
		6D8793212CA2AD9200AC2D51 /* Debug */ = {
			isa = XCBuildConfiguration;
			buildSettings = {
				ALWAYS_SEARCH_USER_PATHS = NO;
				ASSETCATALOG_COMPILER_GENERATE_SWIFT_ASSET_SYMBOL_EXTENSIONS = YES;
				CLANG_ANALYZER_NONNULL = YES;
				CLANG_ANALYZER_NUMBER_OBJECT_CONVERSION = YES_AGGRESSIVE;
				CLANG_CXX_LANGUAGE_STANDARD = "gnu++20";
				CLANG_ENABLE_MODULES = YES;
				CLANG_ENABLE_OBJC_ARC = YES;
				CLANG_ENABLE_OBJC_WEAK = YES;
				CLANG_WARN_BLOCK_CAPTURE_AUTORELEASING = YES;
				CLANG_WARN_BOOL_CONVERSION = YES;
				CLANG_WARN_COMMA = YES;
				CLANG_WARN_CONSTANT_CONVERSION = YES;
				CLANG_WARN_DEPRECATED_OBJC_IMPLEMENTATIONS = YES;
				CLANG_WARN_DIRECT_OBJC_ISA_USAGE = YES_ERROR;
				CLANG_WARN_DOCUMENTATION_COMMENTS = YES;
				CLANG_WARN_EMPTY_BODY = YES;
				CLANG_WARN_ENUM_CONVERSION = YES;
				CLANG_WARN_INFINITE_RECURSION = YES;
				CLANG_WARN_INT_CONVERSION = YES;
				CLANG_WARN_NON_LITERAL_NULL_CONVERSION = YES;
				CLANG_WARN_OBJC_IMPLICIT_RETAIN_SELF = YES;
				CLANG_WARN_OBJC_LITERAL_CONVERSION = YES;
				CLANG_WARN_OBJC_ROOT_CLASS = YES_ERROR;
				CLANG_WARN_QUOTED_INCLUDE_IN_FRAMEWORK_HEADER = YES;
				CLANG_WARN_RANGE_LOOP_ANALYSIS = YES;
				CLANG_WARN_STRICT_PROTOTYPES = YES;
				CLANG_WARN_SUSPICIOUS_MOVE = YES;
				CLANG_WARN_UNGUARDED_AVAILABILITY = YES_AGGRESSIVE;
				CLANG_WARN_UNREACHABLE_CODE = YES;
				CLANG_WARN__DUPLICATE_METHOD_MATCH = YES;
				COPY_PHASE_STRIP = NO;
				DEBUG_INFORMATION_FORMAT = dwarf;
				ENABLE_STRICT_OBJC_MSGSEND = YES;
				ENABLE_TESTABILITY = YES;
				ENABLE_USER_SCRIPT_SANDBOXING = YES;
				GCC_C_LANGUAGE_STANDARD = gnu17;
				GCC_DYNAMIC_NO_PIC = NO;
				GCC_NO_COMMON_BLOCKS = YES;
				GCC_OPTIMIZATION_LEVEL = 0;
				GCC_PREPROCESSOR_DEFINITIONS = (
					"DEBUG=1",
					"$(inherited)",
				);
				GCC_WARN_64_TO_32_BIT_CONVERSION = YES;
				GCC_WARN_ABOUT_RETURN_TYPE = YES_ERROR;
				GCC_WARN_UNDECLARED_SELECTOR = YES;
				GCC_WARN_UNINITIALIZED_AUTOS = YES_AGGRESSIVE;
				GCC_WARN_UNUSED_FUNCTION = YES;
				GCC_WARN_UNUSED_VARIABLE = YES;
				IPHONEOS_DEPLOYMENT_TARGET = 17.5;
				LOCALIZATION_PREFERS_STRING_CATALOGS = YES;
				MTL_ENABLE_DEBUG_INFO = INCLUDE_SOURCE;
				MTL_FAST_MATH = YES;
				ONLY_ACTIVE_ARCH = YES;
				SDKROOT = iphoneos;
			};
			name = Debug;
		};
		6D8793222CA2AD9200AC2D51 /* Release */ = {
			isa = XCBuildConfiguration;
			buildSettings = {
				ALWAYS_SEARCH_USER_PATHS = NO;
				ASSETCATALOG_COMPILER_GENERATE_SWIFT_ASSET_SYMBOL_EXTENSIONS = YES;
				CLANG_ANALYZER_NONNULL = YES;
				CLANG_ANALYZER_NUMBER_OBJECT_CONVERSION = YES_AGGRESSIVE;
				CLANG_CXX_LANGUAGE_STANDARD = "gnu++20";
				CLANG_ENABLE_MODULES = YES;
				CLANG_ENABLE_OBJC_ARC = YES;
				CLANG_ENABLE_OBJC_WEAK = YES;
				CLANG_WARN_BLOCK_CAPTURE_AUTORELEASING = YES;
				CLANG_WARN_BOOL_CONVERSION = YES;
				CLANG_WARN_COMMA = YES;
				CLANG_WARN_CONSTANT_CONVERSION = YES;
				CLANG_WARN_DEPRECATED_OBJC_IMPLEMENTATIONS = YES;
				CLANG_WARN_DIRECT_OBJC_ISA_USAGE = YES_ERROR;
				CLANG_WARN_DOCUMENTATION_COMMENTS = YES;
				CLANG_WARN_EMPTY_BODY = YES;
				CLANG_WARN_ENUM_CONVERSION = YES;
				CLANG_WARN_INFINITE_RECURSION = YES;
				CLANG_WARN_INT_CONVERSION = YES;
				CLANG_WARN_NON_LITERAL_NULL_CONVERSION = YES;
				CLANG_WARN_OBJC_IMPLICIT_RETAIN_SELF = YES;
				CLANG_WARN_OBJC_LITERAL_CONVERSION = YES;
				CLANG_WARN_OBJC_ROOT_CLASS = YES_ERROR;
				CLANG_WARN_QUOTED_INCLUDE_IN_FRAMEWORK_HEADER = YES;
				CLANG_WARN_RANGE_LOOP_ANALYSIS = YES;
				CLANG_WARN_STRICT_PROTOTYPES = YES;
				CLANG_WARN_SUSPICIOUS_MOVE = YES;
				CLANG_WARN_UNGUARDED_AVAILABILITY = YES_AGGRESSIVE;
				CLANG_WARN_UNREACHABLE_CODE = YES;
				CLANG_WARN__DUPLICATE_METHOD_MATCH = YES;
				COPY_PHASE_STRIP = NO;
				DEBUG_INFORMATION_FORMAT = "dwarf-with-dsym";
				ENABLE_NS_ASSERTIONS = NO;
				ENABLE_STRICT_OBJC_MSGSEND = YES;
				ENABLE_USER_SCRIPT_SANDBOXING = YES;
				GCC_C_LANGUAGE_STANDARD = gnu17;
				GCC_NO_COMMON_BLOCKS = YES;
				GCC_WARN_64_TO_32_BIT_CONVERSION = YES;
				GCC_WARN_ABOUT_RETURN_TYPE = YES_ERROR;
				GCC_WARN_UNDECLARED_SELECTOR = YES;
				GCC_WARN_UNINITIALIZED_AUTOS = YES_AGGRESSIVE;
				GCC_WARN_UNUSED_FUNCTION = YES;
				GCC_WARN_UNUSED_VARIABLE = YES;
				IPHONEOS_DEPLOYMENT_TARGET = 17.5;
				LOCALIZATION_PREFERS_STRING_CATALOGS = YES;
				MTL_ENABLE_DEBUG_INFO = NO;
				MTL_FAST_MATH = YES;
				SDKROOT = iphoneos;
				VALIDATE_PRODUCT = YES;
			};
			name = Release;
		};
		6D8793242CA2AD9200AC2D51 /* Debug */ = {
			isa = XCBuildConfiguration;
			buildSettings = {
				ASSETCATALOG_COMPILER_APPICON_NAME = AppIcon;
				ASSETCATALOG_COMPILER_GLOBAL_ACCENT_COLOR_NAME = AccentColor;
				CLANG_ENABLE_MODULES = YES;
				CODE_SIGN_STYLE = Automatic;
				CURRENT_PROJECT_VERSION = 1;
				GENERATE_INFOPLIST_FILE = YES;
				INFOPLIST_FILE = "Objective-C_Tut/Info.plist";
				INFOPLIST_KEY_UIApplicationSupportsIndirectInputEvents = YES;
				INFOPLIST_KEY_UILaunchStoryboardName = LaunchScreen;
				INFOPLIST_KEY_UIMainStoryboardFile = Main;
				INFOPLIST_KEY_UISupportedInterfaceOrientations_iPad = "UIInterfaceOrientationPortrait UIInterfaceOrientationPortraitUpsideDown UIInterfaceOrientationLandscapeLeft UIInterfaceOrientationLandscapeRight";
				INFOPLIST_KEY_UISupportedInterfaceOrientations_iPhone = "UIInterfaceOrientationPortrait UIInterfaceOrientationLandscapeLeft UIInterfaceOrientationLandscapeRight";
				IPHONEOS_DEPLOYMENT_TARGET = 13.0;
				LD_RUNPATH_SEARCH_PATHS = (
					"$(inherited)",
					"@executable_path/Frameworks",
				);
				MARKETING_VERSION = 1.0;
				PRODUCT_BUNDLE_IDENTIFIER = "com.cybage.Objective-C-Tut";
				PRODUCT_NAME = "$(TARGET_NAME)";
				SWIFT_EMIT_LOC_STRINGS = YES;
				SWIFT_OPTIMIZATION_LEVEL = "-Onone";
				SWIFT_VERSION = 6.0;
				TARGETED_DEVICE_FAMILY = "1,2";
			};
			name = Debug;
		};
		6D8793252CA2AD9200AC2D51 /* Release */ = {
			isa = XCBuildConfiguration;
			buildSettings = {
				ASSETCATALOG_COMPILER_APPICON_NAME = AppIcon;
				ASSETCATALOG_COMPILER_GLOBAL_ACCENT_COLOR_NAME = AccentColor;
				CLANG_ENABLE_MODULES = YES;
				CODE_SIGN_STYLE = Automatic;
				CURRENT_PROJECT_VERSION = 1;
				GENERATE_INFOPLIST_FILE = YES;
				INFOPLIST_FILE = "Objective-C_Tut/Info.plist";
				INFOPLIST_KEY_UIApplicationSupportsIndirectInputEvents = YES;
				INFOPLIST_KEY_UILaunchStoryboardName = LaunchScreen;
				INFOPLIST_KEY_UIMainStoryboardFile = Main;
				INFOPLIST_KEY_UISupportedInterfaceOrientations_iPad = "UIInterfaceOrientationPortrait UIInterfaceOrientationPortraitUpsideDown UIInterfaceOrientationLandscapeLeft UIInterfaceOrientationLandscapeRight";
				INFOPLIST_KEY_UISupportedInterfaceOrientations_iPhone = "UIInterfaceOrientationPortrait UIInterfaceOrientationLandscapeLeft UIInterfaceOrientationLandscapeRight";
				IPHONEOS_DEPLOYMENT_TARGET = 13.0;
				LD_RUNPATH_SEARCH_PATHS = (
					"$(inherited)",
					"@executable_path/Frameworks",
				);
				MARKETING_VERSION = 1.0;
				PRODUCT_BUNDLE_IDENTIFIER = "com.cybage.Objective-C-Tut";
				PRODUCT_NAME = "$(TARGET_NAME)";
				SWIFT_EMIT_LOC_STRINGS = YES;
				SWIFT_VERSION = 6.0;
				TARGETED_DEVICE_FAMILY = "1,2";
			};
			name = Release;
		};
/* End XCBuildConfiguration section */

/* Begin XCConfigurationList section */
		6D8793022CA2AD8E00AC2D51 /* Build configuration list for PBXProject "Objective-C_Tut" */ = {
			isa = XCConfigurationList;
			buildConfigurations = (
				6D8793212CA2AD9200AC2D51 /* Debug */,
				6D8793222CA2AD9200AC2D51 /* Release */,
			);
			defaultConfigurationIsVisible = 0;
			defaultConfigurationName = Release;
		};
		6D8793232CA2AD9200AC2D51 /* Build configuration list for PBXNativeTarget "Objective-C_Tut" */ = {
			isa = XCConfigurationList;
			buildConfigurations = (
				6D8793242CA2AD9200AC2D51 /* Debug */,
				6D8793252CA2AD9200AC2D51 /* Release */,
			);
			defaultConfigurationIsVisible = 0;
			defaultConfigurationName = Release;
		};
/* End XCConfigurationList section */

/* Begin XCVersionGroup section */
		6D8793162CA2AD8F00AC2D51 /* Objective_C_Tut.xcdatamodeld */ = {
			isa = XCVersionGroup;
			children = (
				6D8793172CA2AD8F00AC2D51 /* Objective_C_Tut.xcdatamodel */,
			);
			currentVersion = 6D8793172CA2AD8F00AC2D51 /* Objective_C_Tut.xcdatamodel */;
			path = Objective_C_Tut.xcdatamodeld;
			sourceTree = "<group>";
			versionGroupType = wrapper.xcdatamodel;
		};
/* End XCVersionGroup section */
	};
	rootObject = 6D8792FF2CA2AD8E00AC2D51 /* Project object */;
}
